// !$*UTF8*$!
{
	archiveVersion = 1;
	classes = {
	};
	objectVersion = 56;
	objects = {

/* Begin PBXBuildFile section */
		1A8066152871FAEE008F656F /* Extensions.swift in Sources */ = {isa = PBXBuildFile; fileRef = 1A8066142871FAEE008F656F /* Extensions.swift */; };
		1A8066172871FCF2008F656F /* MoviesModelLogic.swift in Sources */ = {isa = PBXBuildFile; fileRef = 1A8066162871FCF2008F656F /* MoviesModelLogic.swift */; };
		1A80661928720BC7008F656F /* MoviesListTableViewCell.swift in Sources */ = {isa = PBXBuildFile; fileRef = 1A80661828720BC6008F656F /* MoviesListTableViewCell.swift */; };
		1AD2695C286F00AF0094D865 /* AppDelegate.swift in Sources */ = {isa = PBXBuildFile; fileRef = 1AD2695B286F00AF0094D865 /* AppDelegate.swift */; };
		1AD2695E286F00AF0094D865 /* SceneDelegate.swift in Sources */ = {isa = PBXBuildFile; fileRef = 1AD2695D286F00AF0094D865 /* SceneDelegate.swift */; };
		1AD26963286F00AF0094D865 /* Main.storyboard in Resources */ = {isa = PBXBuildFile; fileRef = 1AD26961286F00AF0094D865 /* Main.storyboard */; };
		1AD26965286F00B20094D865 /* Assets.xcassets in Resources */ = {isa = PBXBuildFile; fileRef = 1AD26964286F00B20094D865 /* Assets.xcassets */; };
		1AD26968286F00B20094D865 /* LaunchScreen.storyboard in Resources */ = {isa = PBXBuildFile; fileRef = 1AD26966286F00B20094D865 /* LaunchScreen.storyboard */; };
		1AD26974286F014F0094D865 /* MoviesModel.swift in Sources */ = {isa = PBXBuildFile; fileRef = 1AD26973286F014F0094D865 /* MoviesModel.swift */; };
		1AD26976286F016A0094D865 /* MoviesModelLoad.swift in Sources */ = {isa = PBXBuildFile; fileRef = 1AD26975286F016A0094D865 /* MoviesModelLoad.swift */; };
		1AD26978286F019E0094D865 /* MoviesListTableViewController.swift in Sources */ = {isa = PBXBuildFile; fileRef = 1AD26977286F019E0094D865 /* MoviesListTableViewController.swift */; };
		1AF033192873653700E90343 /* MovieDetailViewController.swift in Sources */ = {isa = PBXBuildFile; fileRef = 1AF033182873653700E90343 /* MovieDetailViewController.swift */; };
/* End PBXBuildFile section */

/* Begin PBXFileReference section */
		1A8066142871FAEE008F656F /* Extensions.swift */ = {isa = PBXFileReference; lastKnownFileType = sourcecode.swift; path = Extensions.swift; sourceTree = "<group>"; };
		1A8066162871FCF2008F656F /* MoviesModelLogic.swift */ = {isa = PBXFileReference; lastKnownFileType = sourcecode.swift; path = MoviesModelLogic.swift; sourceTree = "<group>"; };
		1A80661828720BC6008F656F /* MoviesListTableViewCell.swift */ = {isa = PBXFileReference; lastKnownFileType = sourcecode.swift; path = MoviesListTableViewCell.swift; sourceTree = "<group>"; };
		1AD26958286F00AF0094D865 /* DxCMovies.app */ = {isa = PBXFileReference; explicitFileType = wrapper.application; includeInIndex = 0; path = DxCMovies.app; sourceTree = BUILT_PRODUCTS_DIR; };
		1AD2695B286F00AF0094D865 /* AppDelegate.swift */ = {isa = PBXFileReference; lastKnownFileType = sourcecode.swift; path = AppDelegate.swift; sourceTree = "<group>"; };
		1AD2695D286F00AF0094D865 /* SceneDelegate.swift */ = {isa = PBXFileReference; lastKnownFileType = sourcecode.swift; path = SceneDelegate.swift; sourceTree = "<group>"; };
		1AD26962286F00AF0094D865 /* Base */ = {isa = PBXFileReference; lastKnownFileType = file.storyboard; name = Base; path = Base.lproj/Main.storyboard; sourceTree = "<group>"; };
		1AD26964286F00B20094D865 /* Assets.xcassets */ = {isa = PBXFileReference; lastKnownFileType = folder.assetcatalog; path = Assets.xcassets; sourceTree = "<group>"; };
		1AD26967286F00B20094D865 /* Base */ = {isa = PBXFileReference; lastKnownFileType = file.storyboard; name = Base; path = Base.lproj/LaunchScreen.storyboard; sourceTree = "<group>"; };
		1AD26969286F00B20094D865 /* Info.plist */ = {isa = PBXFileReference; lastKnownFileType = text.plist.xml; path = Info.plist; sourceTree = "<group>"; };
		1AD26973286F014F0094D865 /* MoviesModel.swift */ = {isa = PBXFileReference; lastKnownFileType = sourcecode.swift; path = MoviesModel.swift; sourceTree = "<group>"; };
		1AD26975286F016A0094D865 /* MoviesModelLoad.swift */ = {isa = PBXFileReference; lastKnownFileType = sourcecode.swift; path = MoviesModelLoad.swift; sourceTree = "<group>"; };
		1AD26977286F019E0094D865 /* MoviesListTableViewController.swift */ = {isa = PBXFileReference; lastKnownFileType = sourcecode.swift; path = MoviesListTableViewController.swift; sourceTree = "<group>"; };
		1AF033182873653700E90343 /* MovieDetailViewController.swift */ = {isa = PBXFileReference; lastKnownFileType = sourcecode.swift; path = MovieDetailViewController.swift; sourceTree = "<group>"; };
/* End PBXFileReference section */

/* Begin PBXFrameworksBuildPhase section */
		1AD26955286F00AF0094D865 /* Frameworks */ = {
			isa = PBXFrameworksBuildPhase;
			buildActionMask = 2147483647;
			files = (
			);
			runOnlyForDeploymentPostprocessing = 0;
		};
/* End PBXFrameworksBuildPhase section */

/* Begin PBXGroup section */
		1AD2694F286F00AF0094D865 = {
			isa = PBXGroup;
			children = (
				1AD2695A286F00AF0094D865 /* DxCMovies */,
				1AD26959286F00AF0094D865 /* Products */,
			);
			sourceTree = "<group>";
		};
		1AD26959286F00AF0094D865 /* Products */ = {
			isa = PBXGroup;
			children = (
				1AD26958286F00AF0094D865 /* DxCMovies.app */,
			);
			name = Products;
			sourceTree = "<group>";
		};
		1AD2695A286F00AF0094D865 /* DxCMovies */ = {
			isa = PBXGroup;
			children = (
				1AD26970286F00E80094D865 /* Features */,
				1AD2696F286F00C30094D865 /* App */,
				1AD26961286F00AF0094D865 /* Main.storyboard */,
				1AD26964286F00B20094D865 /* Assets.xcassets */,
				1AD26966286F00B20094D865 /* LaunchScreen.storyboard */,
				1AD26969286F00B20094D865 /* Info.plist */,
				1AD26973286F014F0094D865 /* MoviesModel.swift */,
				1AD26975286F016A0094D865 /* MoviesModelLoad.swift */,
				1A8066142871FAEE008F656F /* Extensions.swift */,
				1A8066162871FCF2008F656F /* MoviesModelLogic.swift */,
			);
			path = DxCMovies;
			sourceTree = "<group>";
		};
		1AD2696F286F00C30094D865 /* App */ = {
			isa = PBXGroup;
			children = (
				1AD2695B286F00AF0094D865 /* AppDelegate.swift */,
				1AD2695D286F00AF0094D865 /* SceneDelegate.swift */,
			);
			path = App;
			sourceTree = "<group>";
		};
		1AD26970286F00E80094D865 /* Features */ = {
			isa = PBXGroup;
			children = (
				1AD26971286F01000094D865 /* MovieList */,
				1AD26972286F01170094D865 /* DetailList */,
			);
			path = Features;
			sourceTree = "<group>";
		};
		1AD26971286F01000094D865 /* MovieList */ = {
			isa = PBXGroup;
			children = (
				1AD26977286F019E0094D865 /* MoviesListTableViewController.swift */,
				1A80661828720BC6008F656F /* MoviesListTableViewCell.swift */,
			);
			path = MovieList;
			sourceTree = "<group>";
		};
		1AD26972286F01170094D865 /* DetailList */ = {
			isa = PBXGroup;
			children = (
				1AF033182873653700E90343 /* MovieDetailViewController.swift */,
			);
			path = DetailList;
			sourceTree = "<group>";
		};
/* End PBXGroup section */

/* Begin PBXNativeTarget section */
		1AD26957286F00AF0094D865 /* DxCMovies */ = {
			isa = PBXNativeTarget;
			buildConfigurationList = 1AD2696C286F00B20094D865 /* Build configuration list for PBXNativeTarget "DxCMovies" */;
			buildPhases = (
				1AD26954286F00AF0094D865 /* Sources */,
				1AD26955286F00AF0094D865 /* Frameworks */,
				1AD26956286F00AF0094D865 /* Resources */,
			);
			buildRules = (
			);
			dependencies = (
			);
			name = DxCMovies;
			productName = DxCMovies;
			productReference = 1AD26958286F00AF0094D865 /* DxCMovies.app */;
			productType = "com.apple.product-type.application";
		};
/* End PBXNativeTarget section */

/* Begin PBXProject section */
		1AD26950286F00AF0094D865 /* Project object */ = {
			isa = PBXProject;
			attributes = {
				BuildIndependentTargetsInParallel = 1;
				LastSwiftUpdateCheck = 1400;
				LastUpgradeCheck = 1400;
				TargetAttributes = {
					1AD26957286F00AF0094D865 = {
						CreatedOnToolsVersion = 14.0;
					};
				};
			};
			buildConfigurationList = 1AD26953286F00AF0094D865 /* Build configuration list for PBXProject "DxCMovies" */;
			compatibilityVersion = "Xcode 14.0";
			developmentRegion = en;
			hasScannedForEncodings = 0;
			knownRegions = (
				en,
				Base,
			);
			mainGroup = 1AD2694F286F00AF0094D865;
			productRefGroup = 1AD26959286F00AF0094D865 /* Products */;
			projectDirPath = "";
			projectRoot = "";
			targets = (
				1AD26957286F00AF0094D865 /* DxCMovies */,
			);
		};
/* End PBXProject section */

/* Begin PBXResourcesBuildPhase section */
		1AD26956286F00AF0094D865 /* Resources */ = {
			isa = PBXResourcesBuildPhase;
			buildActionMask = 2147483647;
			files = (
				1AD26968286F00B20094D865 /* LaunchScreen.storyboard in Resources */,
				1AD26965286F00B20094D865 /* Assets.xcassets in Resources */,
				1AD26963286F00AF0094D865 /* Main.storyboard in Resources */,
			);
			runOnlyForDeploymentPostprocessing = 0;
		};
/* End PBXResourcesBuildPhase section */

/* Begin PBXSourcesBuildPhase section */
		1AD26954286F00AF0094D865 /* Sources */ = {
			isa = PBXSourcesBuildPhase;
			buildActionMask = 2147483647;
			files = (
				1AD2695C286F00AF0094D865 /* AppDelegate.swift in Sources */,
				1A8066152871FAEE008F656F /* Extensions.swift in Sources */,
				1A80661928720BC7008F656F /* MoviesListTableViewCell.swift in Sources */,
				1AD2695E286F00AF0094D865 /* SceneDelegate.swift in Sources */,
				1AD26978286F019E0094D865 /* MoviesListTableViewController.swift in Sources */,
				1AD26974286F014F0094D865 /* MoviesModel.swift in Sources */,
				1A8066172871FCF2008F656F /* MoviesModelLogic.swift in Sources */,
				1AF033192873653700E90343 /* MovieDetailViewController.swift in Sources */,
				1AD26976286F016A0094D865 /* MoviesModelLoad.swift in Sources */,
			);
			runOnlyForDeploymentPostprocessing = 0;
		};
/* End PBXSourcesBuildPhase section */

/* Begin PBXVariantGroup section */
		1AD26961286F00AF0094D865 /* Main.storyboard */ = {
			isa = PBXVariantGroup;
			children = (
				1AD26962286F00AF0094D865 /* Base */,
			);
			name = Main.storyboard;
			sourceTree = "<group>";
		};
		1AD26966286F00B20094D865 /* LaunchScreen.storyboard */ = {
			isa = PBXVariantGroup;
			children = (
				1AD26967286F00B20094D865 /* Base */,
			);
			name = LaunchScreen.storyboard;
			sourceTree = "<group>";
		};
/* End PBXVariantGroup section */

/* Begin XCBuildConfiguration section */
		1AD2696A286F00B20094D865 /* Debug */ = {
			isa = XCBuildConfiguration;
			buildSettings = {
				ALWAYS_SEARCH_USER_PATHS = NO;
				CLANG_ANALYZER_NONNULL = YES;
				CLANG_ANALYZER_NUMBER_OBJECT_CONVERSION = YES_AGGRESSIVE;
				CLANG_CXX_LANGUAGE_STANDARD = "gnu++17";
				CLANG_ENABLE_MODULES = YES;
				CLANG_ENABLE_OBJC_ARC = YES;
				CLANG_ENABLE_OBJC_WEAK = YES;
				CLANG_WARN_BLOCK_CAPTURE_AUTORELEASING = YES;
				CLANG_WARN_BOOL_CONVERSION = YES;
				CLANG_WARN_COMMA = YES;
				CLANG_WARN_CONSTANT_CONVERSION = YES;
				CLANG_WARN_DEPRECATED_OBJC_IMPLEMENTATIONS = YES;
				CLANG_WARN_DIRECT_OBJC_ISA_USAGE = YES_ERROR;
				CLANG_WARN_DOCUMENTATION_COMMENTS = YES;
				CLANG_WARN_EMPTY_BODY = YES;
				CLANG_WARN_ENUM_CONVERSION = YES;
				CLANG_WARN_INFINITE_RECURSION = YES;
				CLANG_WARN_INT_CONVERSION = YES;
				CLANG_WARN_NON_LITERAL_NULL_CONVERSION = YES;
				CLANG_WARN_OBJC_IMPLICIT_RETAIN_SELF = YES;
				CLANG_WARN_OBJC_LITERAL_CONVERSION = YES;
				CLANG_WARN_OBJC_ROOT_CLASS = YES_ERROR;
				CLANG_WARN_QUOTED_INCLUDE_IN_FRAMEWORK_HEADER = YES;
				CLANG_WARN_RANGE_LOOP_ANALYSIS = YES;
				CLANG_WARN_STRICT_PROTOTYPES = YES;
				CLANG_WARN_SUSPICIOUS_MOVE = YES;
				CLANG_WARN_UNGUARDED_AVAILABILITY = YES_AGGRESSIVE;
				CLANG_WARN_UNREACHABLE_CODE = YES;
				CLANG_WARN__DUPLICATE_METHOD_MATCH = YES;
				COPY_PHASE_STRIP = NO;
				DEBUG_INFORMATION_FORMAT = dwarf;
				ENABLE_STRICT_OBJC_MSGSEND = YES;
				ENABLE_TESTABILITY = YES;
				GCC_C_LANGUAGE_STANDARD = gnu11;
				GCC_DYNAMIC_NO_PIC = NO;
				GCC_NO_COMMON_BLOCKS = YES;
				GCC_OPTIMIZATION_LEVEL = 0;
				GCC_PREPROCESSOR_DEFINITIONS = (
					"DEBUG=1",
					"$(inherited)",
				);
				GCC_WARN_64_TO_32_BIT_CONVERSION = YES;
				GCC_WARN_ABOUT_RETURN_TYPE = YES_ERROR;
				GCC_WARN_UNDECLARED_SELECTOR = YES;
				GCC_WARN_UNINITIALIZED_AUTOS = YES_AGGRESSIVE;
				GCC_WARN_UNUSED_FUNCTION = YES;
				GCC_WARN_UNUSED_VARIABLE = YES;
				IPHONEOS_DEPLOYMENT_TARGET = 16.0;
				MTL_ENABLE_DEBUG_INFO = INCLUDE_SOURCE;
				MTL_FAST_MATH = YES;
				ONLY_ACTIVE_ARCH = YES;
				SDKROOT = iphoneos;
				SWIFT_ACTIVE_COMPILATION_CONDITIONS = DEBUG;
				SWIFT_OPTIMIZATION_LEVEL = "-Onone";
			};
			name = Debug;
		};
		1AD2696B286F00B20094D865 /* Release */ = {
			isa = XCBuildConfiguration;
			buildSettings = {
				ALWAYS_SEARCH_USER_PATHS = NO;
				CLANG_ANALYZER_NONNULL = YES;
				CLANG_ANALYZER_NUMBER_OBJECT_CONVERSION = YES_AGGRESSIVE;
				CLANG_CXX_LANGUAGE_STANDARD = "gnu++17";
				CLANG_ENABLE_MODULES = YES;
				CLANG_ENABLE_OBJC_ARC = YES;
				CLANG_ENABLE_OBJC_WEAK = YES;
				CLANG_WARN_BLOCK_CAPTURE_AUTORELEASING = YES;
				CLANG_WARN_BOOL_CONVERSION = YES;
				CLANG_WARN_COMMA = YES;
				CLANG_WARN_CONSTANT_CONVERSION = YES;
				CLANG_WARN_DEPRECATED_OBJC_IMPLEMENTATIONS = YES;
				CLANG_WARN_DIRECT_OBJC_ISA_USAGE = YES_ERROR;
				CLANG_WARN_DOCUMENTATION_COMMENTS = YES;
				CLANG_WARN_EMPTY_BODY = YES;
				CLANG_WARN_ENUM_CONVERSION = YES;
				CLANG_WARN_INFINITE_RECURSION = YES;
				CLANG_WARN_INT_CONVERSION = YES;
				CLANG_WARN_NON_LITERAL_NULL_CONVERSION = YES;
				CLANG_WARN_OBJC_IMPLICIT_RETAIN_SELF = YES;
				CLANG_WARN_OBJC_LITERAL_CONVERSION = YES;
				CLANG_WARN_OBJC_ROOT_CLASS = YES_ERROR;
				CLANG_WARN_QUOTED_INCLUDE_IN_FRAMEWORK_HEADER = YES;
				CLANG_WARN_RANGE_LOOP_ANALYSIS = YES;
				CLANG_WARN_STRICT_PROTOTYPES = YES;
				CLANG_WARN_SUSPICIOUS_MOVE = YES;
				CLANG_WARN_UNGUARDED_AVAILABILITY = YES_AGGRESSIVE;
				CLANG_WARN_UNREACHABLE_CODE = YES;
				CLANG_WARN__DUPLICATE_METHOD_MATCH = YES;
				COPY_PHASE_STRIP = NO;
				DEBUG_INFORMATION_FORMAT = "dwarf-with-dsym";
				ENABLE_NS_ASSERTIONS = NO;
				ENABLE_STRICT_OBJC_MSGSEND = YES;
				GCC_C_LANGUAGE_STANDARD = gnu11;
				GCC_NO_COMMON_BLOCKS = YES;
				GCC_WARN_64_TO_32_BIT_CONVERSION = YES;
				GCC_WARN_ABOUT_RETURN_TYPE = YES_ERROR;
				GCC_WARN_UNDECLARED_SELECTOR = YES;
				GCC_WARN_UNINITIALIZED_AUTOS = YES_AGGRESSIVE;
				GCC_WARN_UNUSED_FUNCTION = YES;
				GCC_WARN_UNUSED_VARIABLE = YES;
				IPHONEOS_DEPLOYMENT_TARGET = 16.0;
				MTL_ENABLE_DEBUG_INFO = NO;
				MTL_FAST_MATH = YES;
				SDKROOT = iphoneos;
				SWIFT_COMPILATION_MODE = wholemodule;
				SWIFT_OPTIMIZATION_LEVEL = "-O";
				VALIDATE_PRODUCT = YES;
			};
			name = Release;
		};
		1AD2696D286F00B20094D865 /* Debug */ = {
			isa = XCBuildConfiguration;
			buildSettings = {
				ASSETCATALOG_COMPILER_APPICON_NAME = AppIcon;
				ASSETCATALOG_COMPILER_GLOBAL_ACCENT_COLOR_NAME = AccentColor;
				CODE_SIGN_STYLE = Automatic;
				CURRENT_PROJECT_VERSION = 1;
				DEVELOPMENT_TEAM = 5X587S7WGV;
				GENERATE_INFOPLIST_FILE = YES;
				INFOPLIST_FILE = DxCMovies/Info.plist;
				INFOPLIST_KEY_UIApplicationSupportsIndirectInputEvents = YES;
				INFOPLIST_KEY_UILaunchStoryboardName = LaunchScreen;
				INFOPLIST_KEY_UIMainStoryboardFile = Main;
				INFOPLIST_KEY_UISupportedInterfaceOrientations_iPad = "UIInterfaceOrientationPortrait UIInterfaceOrientationPortraitUpsideDown UIInterfaceOrientationLandscapeLeft UIInterfaceOrientationLandscapeRight";
				INFOPLIST_KEY_UISupportedInterfaceOrientations_iPhone = "UIInterfaceOrientationPortrait UIInterfaceOrientationLandscapeLeft UIInterfaceOrientationLandscapeRight";
				LD_RUNPATH_SEARCH_PATHS = (
					"$(inherited)",
					"@executable_path/Frameworks",
				);
				MARKETING_VERSION = 1.0;
				PRODUCT_BUNDLE_IDENTIFIER = bitoSL.DxCMovies;
				PRODUCT_NAME = "$(TARGET_NAME)";
				SWIFT_EMIT_LOC_STRINGS = YES;
				SWIFT_VERSION = 5.0;
				TARGETED_DEVICE_FAMILY = "1,2";
			};
			name = Debug;
		};
		1AD2696E286F00B20094D865 /* Release */ = {
			isa = XCBuildConfiguration;
			buildSettings = {
				ASSETCATALOG_COMPILER_APPICON_NAME = AppIcon;
				ASSETCATALOG_COMPILER_GLOBAL_ACCENT_COLOR_NAME = AccentColor;
				CODE_SIGN_STYLE = Automatic;
				CURRENT_PROJECT_VERSION = 1;
				DEVELOPMENT_TEAM = 5X587S7WGV;
				GENERATE_INFOPLIST_FILE = YES;
				INFOPLIST_FILE = DxCMovies/Info.plist;
				INFOPLIST_KEY_UIApplicationSupportsIndirectInputEvents = YES;
				INFOPLIST_KEY_UILaunchStoryboardName = LaunchScreen;
				INFOPLIST_KEY_UIMainStoryboardFile = Main;
				INFOPLIST_KEY_UISupportedInterfaceOrientations_iPad = "UIInterfaceOrientationPortrait UIInterfaceOrientationPortraitUpsideDown UIInterfaceOrientationLandscapeLeft UIInterfaceOrientationLandscapeRight";
				INFOPLIST_KEY_UISupportedInterfaceOrientations_iPhone = "UIInterfaceOrientationPortrait UIInterfaceOrientationLandscapeLeft UIInterfaceOrientationLandscapeRight";
				LD_RUNPATH_SEARCH_PATHS = (
					"$(inherited)",
					"@executable_path/Frameworks",
				);
				MARKETING_VERSION = 1.0;
				PRODUCT_BUNDLE_IDENTIFIER = bitoSL.DxCMovies;
				PRODUCT_NAME = "$(TARGET_NAME)";
				SWIFT_EMIT_LOC_STRINGS = YES;
				SWIFT_VERSION = 5.0;
				TARGETED_DEVICE_FAMILY = "1,2";
			};
			name = Release;
		};
/* End XCBuildConfiguration section */

/* Begin XCConfigurationList section */
		1AD26953286F00AF0094D865 /* Build configuration list for PBXProject "DxCMovies" */ = {
			isa = XCConfigurationList;
			buildConfigurations = (
				1AD2696A286F00B20094D865 /* Debug */,
				1AD2696B286F00B20094D865 /* Release */,
			);
			defaultConfigurationIsVisible = 0;
			defaultConfigurationName = Release;
		};
		1AD2696C286F00B20094D865 /* Build configuration list for PBXNativeTarget "DxCMovies" */ = {
			isa = XCConfigurationList;
			buildConfigurations = (
				1AD2696D286F00B20094D865 /* Debug */,
				1AD2696E286F00B20094D865 /* Release */,
			);
			defaultConfigurationIsVisible = 0;
			defaultConfigurationName = Release;
		};
/* End XCConfigurationList section */
	};
	rootObject = 1AD26950286F00AF0094D865 /* Project object */;
}
